
Microsoft Visual Studio Solution File, Format Version 12.00
# Visual Studio 14
VisualStudioVersion = 14.0.25420.1
MinimumVisualStudioVersion = 10.0.40219.1
Project("{FAE04EC0-301F-11D3-BF4B-00C04F79EFBC}") = "Coroutine", "Coroutine\Coroutine.csproj", "{A2405AE1-7827-4201-B176-DC230E4D69AD}"
EndProject
Global
	GlobalSection(SolutionConfigurationPlatforms) = preSolution
		Debug|Any CPU = Debug|Any CPU
		Release|Any CPU = Release|Any CPU
	EndGlobalSection
	GlobalSection(ProjectConfigurationPlatforms) = postSolution
		{A2405AE1-7827-4201-B176-DC230E4D69AD}.Debug|Any CPU.ActiveCfg = Debug|Any CPU
		{A2405AE1-7827-4201-B176-DC230E4D69AD}.Debug|Any CPU.Build.0 = Debug|Any CPU
		{A2405AE1-7827-4201-B176-DC230E4D69AD}.Release|Any CPU.ActiveCfg = Release|Any CPU
		{A2405AE1-7827-4201-B176-DC230E4D69AD}.Release|Any CPU.Build.0 = Release|Any CPU
	EndGlobalSection
	GlobalSection(SolutionProperties) = preSolution
		HideSolutionNode = FALSE
	EndGlobalSection
EndGlobal
